lockfileVersion: '9.0'

settings:
  autoInstallPeers: true
  excludeLinksFromLockfile: false

importers:

  .:
    devDependencies:
      sherif:
        specifier: ^0.10.0
        version: 0.10.0
      typescript:
        specifier: ^5.5.3
        version: 5.5.3

  example:
    devDependencies:
      typescript:
        specifier: 3.9.5
        version: 3.9.5

packages:

  sherif-darwin-arm64@0.10.0:
    resolution: {integrity: sha512-4o1EIHsLfCmvT0tryeoLTerPxb47pYdwuWzpeV1+KSaE1hvlorAbBVgc2YBrkdwbgqZrWYzAdeWGmS/Ob3sIMw==}
    cpu: [arm64]
    os: [darwin]

  sherif-darwin-x64@0.10.0:
    resolution: {integrity: sha512-MhaPxhGmn66J/aLjpIbf93B4XWlu2sKo+rzXohCbCYU2ajsgswMIw8gDi3JGPHLuilhWZB8kS9I/rEczAD3CQA==}
    cpu: [x64]
    os: [darwin]

  sherif-linux-arm64@0.10.0:
    resolution: {integrity: sha512-INTPHGvxdRxIEOAemWfltIyJatL8O9IPxwPkZX499Fn6vK9yj5ZHSlZ+SUgXpp1aX2Yo35gFuHshDRQ1Kuh9UA==}
    cpu: [arm64]
    os: [linux]

  sherif-linux-x64@0.10.0:
    resolution: {integrity: sha512-NYUDzTdUnCxbDFjpS8VLoUF9aTsZ+3L7q4H5s5m8sHO8e3Swf2jgK7LixNhyGLhLcXtBAP5Veit4zy4yQ3WP1Q==}
    cpu: [x64]
    os: [linux]

  sherif-windows-arm64@0.10.0:
    resolution: {integrity: sha512-iKni78rIcN0PTzI+V8+o81R0G7RA391wCxroU6tBS/tkBTBsPNzzO5KpOw3tgyZt3nETbL5hBZbHxV3MuE/+Ag==}
    cpu: [arm64]
    os: [win32]

  sherif-windows-x64@0.10.0:
    resolution: {integrity: sha512-ylERbSsYmjHL6nX+NfX8jcnODKQQPrVT6wyp9INmvY+eoiovE1Ck7HOgyWGXpOEAYnr2/UOooTczKVQJDrXqhA==}
    cpu: [x64]
    os: [win32]

  sherif@0.10.0:
    resolution: {integrity: sha512-KAKYAnhgJaz2F7EFowXU3xrukrRWkNsC8OhmTD9TW84mu0Pb6jI2GabFd9U/umMTVshDjS9l43D1JAGx/e0JdQ==}
    hasBin: true

  typescript@3.9.5:
    resolution: {integrity: sha512-hSAifV3k+i6lEoCJ2k6R2Z/rp/H3+8sdmcn5NrS3/3kE7+RyZXm9aqvxWqjEXHAd8b0pShatpcdMTvEdvAJltQ==}
    engines: {node: '>=4.2.0'}
    hasBin: true

  typescript@5.5.3:
    resolution: {integrity: sha512-/hreyEujaB0w76zKo6717l3L0o/qEUtRgdvUBvlkhoWeOVMjMuHNHk0BRBzikzuGDqNmPQbg5ifMEqsHLiIUcQ==}
    engines: {node: '>=14.17'}
    hasBin: true

snapshots:

  sherif-darwin-arm64@0.10.0:
    optional: true

  sherif-darwin-x64@0.10.0:
    optional: true

  sherif-linux-arm64@0.10.0:
    optional: true

  sherif-linux-x64@0.10.0:
    optional: true

  sherif-windows-arm64@0.10.0:
    optional: true

  sherif-windows-x64@0.10.0:
    optional: true

  sherif@0.10.0:
    optionalDependencies:
      sherif-darwin-arm64: 0.10.0
      sherif-darwin-x64: 0.10.0
      sherif-linux-arm64: 0.10.0
      sherif-linux-x64: 0.10.0
      sherif-windows-arm64: 0.10.0
      sherif-windows-x64: 0.10.0

  typescript@3.9.5: {}

  typescript@5.5.3: {}
